
Microsoft Visual Studio Solution File, Format Version 12.00
# Visual Studio Version 17
VisualStudioVersion = 17.5.33424.131
MinimumVisualStudioVersion = 10.0.40219.1
Project("{9A19103F-16F7-4668-BE54-9A1E7A4F7556}") = "Catalog.API", "Services\Catalog\Catalog.API\Catalog.API.csproj", "{2F4B8E76-47EC-4D48-9B4F-8640477DCF45}"
EndProject
Project("{E53339B2-1760-4266-BCC7-CA923CBCF16C}") = "docker-compose", "docker-compose.dcproj", "{2C98495F-430D-41B0-9B35-433BA3149256}"
EndProject
Project("{9A19103F-16F7-4668-BE54-9A1E7A4F7556}") = "Basket.API", "Services\Basket\Basket.API\Basket.API.csproj", "{DC0E8F5B-2F1E-4429-88ED-FB9B7A622C55}"
EndProject
Project("{2150E333-8FDC-42A3-9474-1A3956D46DE8}") = "Services", "Services", "{1024EF66-F18A-4FFD-8B8F-894CF1AF5CAC}"
EndProject
Project("{2150E333-8FDC-42A3-9474-1A3956D46DE8}") = "Basket", "Basket", "{8731EF27-F6CF-427D-A88D-430F1C9D75E9}"
EndProject
Project("{2150E333-8FDC-42A3-9474-1A3956D46DE8}") = "Catalog", "Catalog", "{F368C602-FCC1-465D-953B-0A335E4D20EB}"
EndProject
Project("{2150E333-8FDC-42A3-9474-1A3956D46DE8}") = "Discount", "Discount", "{0F7DB7B9-856D-4CA8-8F4D-2E15EFCDCE65}"
EndProject
Project("{9A19103F-16F7-4668-BE54-9A1E7A4F7556}") = "Discount.gRPC", "Services\Discount\Discount.gRPC\Discount.gRPC.csproj", "{A55E4DFB-44E2-43C5-8011-1284C1445488}"
EndProject
Project("{2150E333-8FDC-42A3-9474-1A3956D46DE8}") = "protos", "protos", "{BA787747-3C9D-44E3-9FCD-4B7426FAEABD}"
	ProjectSection(SolutionItems) = preProject
		Services\Discount\Protos\discount.proto = Services\Discount\Protos\discount.proto
	EndProjectSection
EndProject
Project("{2150E333-8FDC-42A3-9474-1A3956D46DE8}") = "Ordering", "Ordering", "{8CA65AD1-6D79-4894-8BD6-6AF4B2F2A075}"
EndProject
Project("{9A19103F-16F7-4668-BE54-9A1E7A4F7556}") = "Ordering.API", "Services\Ordering\Ordering.API\Ordering.API.csproj", "{2B19FD31-48A2-4999-9C0D-70BA8CF4BECE}"
EndProject
Project("{9A19103F-16F7-4668-BE54-9A1E7A4F7556}") = "Ordering.Application", "Services\Ordering\Ordering.Application\Ordering.Application.csproj", "{85F30315-78F2-4673-ACB2-A2488E5686BA}"
EndProject
Project("{9A19103F-16F7-4668-BE54-9A1E7A4F7556}") = "Ordering.Domain", "Services\Ordering\Ordering.Domain\Ordering.Domain.csproj", "{CA4357B1-9CE1-40C5-8676-96EA6E3E78D3}"
EndProject
Project("{9A19103F-16F7-4668-BE54-9A1E7A4F7556}") = "Ordering.Infrastructure", "Services\Ordering\Ordering.Infrastructure\Ordering.Infrastructure.csproj", "{2A7372B7-3032-4D82-972A-3CDC410C5396}"
EndProject
Project("{2150E333-8FDC-42A3-9474-1A3956D46DE8}") = "BuildingBlocks", "BuildingBlocks", "{DE1B62A3-B517-42DA-BA8E-757A297BA37D}"
EndProject
Project("{9A19103F-16F7-4668-BE54-9A1E7A4F7556}") = "EventBus.Messages", "BuildingBlocks\EventBus.Messages\EventBus.Messages.csproj", "{6CE431F2-D16C-4715-BA1A-B04B09F2A965}"
EndProject
Project("{2150E333-8FDC-42A3-9474-1A3956D46DE8}") = "Chat", "Chat", "{3BDDE13E-E076-4063-983E-BD1493604697}"
EndProject
Project("{2150E333-8FDC-42A3-9474-1A3956D46DE8}") = "Identity", "Identity", "{CAD78077-603A-49CE-BA2E-AB16228F780E}"
EndProject
Project("{9A19103F-16F7-4668-BE54-9A1E7A4F7556}") = "IdentityServer", "Services\Identity\IdentityServer\IdentityServer.csproj", "{729D3A58-00B0-4B5E-99C1-B21A44AC3F8F}"
EndProject
Project("{2150E333-8FDC-42A3-9474-1A3956D46DE8}") = "ApiGateways", "ApiGateways", "{6112338C-2A94-46FB-91D9-456A9AB0D99B}"
EndProject
Project("{9A19103F-16F7-4668-BE54-9A1E7A4F7556}") = "OcelotApiGw", "ApiGateways\OcelotApiGw\OcelotApiGw.csproj", "{784A7EE6-3276-410B-801F-244C8491EE05}"
EndProject
Project("{2150E333-8FDC-42A3-9474-1A3956D46DE8}") = "WebApps", "WebApps", "{0A4A425A-1625-4145-B919-333AC2A8A44F}"
EndProject
Project("{9A19103F-16F7-4668-BE54-9A1E7A4F7556}") = "WebApp.Client", "WebApps\WebApp.Client\WebApp.Client.csproj", "{8E569FE4-E931-40BD-ADF1-9B07A064F47D}"
EndProject
Project("{FAE04EC0-301F-11D3-BF4B-00C04F79EFBC}") = "Discount.API", "Services\Discount\Discount.API\Discount.API.csproj", "{2367C1AC-3A35-4587-B7B8-12B6CCF6A994}"
EndProject
Global
	GlobalSection(SolutionConfigurationPlatforms) = preSolution
		Debug|Any CPU = Debug|Any CPU
		Release|Any CPU = Release|Any CPU
	EndGlobalSection
	GlobalSection(ProjectConfigurationPlatforms) = postSolution
		{2F4B8E76-47EC-4D48-9B4F-8640477DCF45}.Debug|Any CPU.ActiveCfg = Debug|Any CPU
		{2F4B8E76-47EC-4D48-9B4F-8640477DCF45}.Debug|Any CPU.Build.0 = Debug|Any CPU
		{2F4B8E76-47EC-4D48-9B4F-8640477DCF45}.Release|Any CPU.ActiveCfg = Release|Any CPU
		{2F4B8E76-47EC-4D48-9B4F-8640477DCF45}.Release|Any CPU.Build.0 = Release|Any CPU
		{2C98495F-430D-41B0-9B35-433BA3149256}.Debug|Any CPU.ActiveCfg = Debug|Any CPU
		{2C98495F-430D-41B0-9B35-433BA3149256}.Debug|Any CPU.Build.0 = Debug|Any CPU
		{2C98495F-430D-41B0-9B35-433BA3149256}.Release|Any CPU.ActiveCfg = Release|Any CPU
		{2C98495F-430D-41B0-9B35-433BA3149256}.Release|Any CPU.Build.0 = Release|Any CPU
		{DC0E8F5B-2F1E-4429-88ED-FB9B7A622C55}.Debug|Any CPU.ActiveCfg = Debug|Any CPU
		{DC0E8F5B-2F1E-4429-88ED-FB9B7A622C55}.Debug|Any CPU.Build.0 = Debug|Any CPU
		{DC0E8F5B-2F1E-4429-88ED-FB9B7A622C55}.Release|Any CPU.ActiveCfg = Release|Any CPU
		{DC0E8F5B-2F1E-4429-88ED-FB9B7A622C55}.Release|Any CPU.Build.0 = Release|Any CPU
		{A55E4DFB-44E2-43C5-8011-1284C1445488}.Debug|Any CPU.ActiveCfg = Debug|Any CPU
		{A55E4DFB-44E2-43C5-8011-1284C1445488}.Debug|Any CPU.Build.0 = Debug|Any CPU
		{A55E4DFB-44E2-43C5-8011-1284C1445488}.Release|Any CPU.ActiveCfg = Release|Any CPU
		{A55E4DFB-44E2-43C5-8011-1284C1445488}.Release|Any CPU.Build.0 = Release|Any CPU
		{2B19FD31-48A2-4999-9C0D-70BA8CF4BECE}.Debug|Any CPU.ActiveCfg = Debug|Any CPU
		{2B19FD31-48A2-4999-9C0D-70BA8CF4BECE}.Debug|Any CPU.Build.0 = Debug|Any CPU
		{2B19FD31-48A2-4999-9C0D-70BA8CF4BECE}.Release|Any CPU.ActiveCfg = Release|Any CPU
		{2B19FD31-48A2-4999-9C0D-70BA8CF4BECE}.Release|Any CPU.Build.0 = Release|Any CPU
		{85F30315-78F2-4673-ACB2-A2488E5686BA}.Debug|Any CPU.ActiveCfg = Debug|Any CPU
		{85F30315-78F2-4673-ACB2-A2488E5686BA}.Debug|Any CPU.Build.0 = Debug|Any CPU
		{85F30315-78F2-4673-ACB2-A2488E5686BA}.Release|Any CPU.ActiveCfg = Release|Any CPU
		{85F30315-78F2-4673-ACB2-A2488E5686BA}.Release|Any CPU.Build.0 = Release|Any CPU
		{CA4357B1-9CE1-40C5-8676-96EA6E3E78D3}.Debug|Any CPU.ActiveCfg = Debug|Any CPU
		{CA4357B1-9CE1-40C5-8676-96EA6E3E78D3}.Debug|Any CPU.Build.0 = Debug|Any CPU
		{CA4357B1-9CE1-40C5-8676-96EA6E3E78D3}.Release|Any CPU.ActiveCfg = Release|Any CPU
		{CA4357B1-9CE1-40C5-8676-96EA6E3E78D3}.Release|Any CPU.Build.0 = Release|Any CPU
		{2A7372B7-3032-4D82-972A-3CDC410C5396}.Debug|Any CPU.ActiveCfg = Debug|Any CPU
		{2A7372B7-3032-4D82-972A-3CDC410C5396}.Debug|Any CPU.Build.0 = Debug|Any CPU
		{2A7372B7-3032-4D82-972A-3CDC410C5396}.Release|Any CPU.ActiveCfg = Release|Any CPU
		{2A7372B7-3032-4D82-972A-3CDC410C5396}.Release|Any CPU.Build.0 = Release|Any CPU
		{6CE431F2-D16C-4715-BA1A-B04B09F2A965}.Debug|Any CPU.ActiveCfg = Debug|Any CPU
		{6CE431F2-D16C-4715-BA1A-B04B09F2A965}.Debug|Any CPU.Build.0 = Debug|Any CPU
		{6CE431F2-D16C-4715-BA1A-B04B09F2A965}.Release|Any CPU.ActiveCfg = Release|Any CPU
		{6CE431F2-D16C-4715-BA1A-B04B09F2A965}.Release|Any CPU.Build.0 = Release|Any CPU
		{729D3A58-00B0-4B5E-99C1-B21A44AC3F8F}.Debug|Any CPU.ActiveCfg = Debug|Any CPU
		{729D3A58-00B0-4B5E-99C1-B21A44AC3F8F}.Debug|Any CPU.Build.0 = Debug|Any CPU
		{729D3A58-00B0-4B5E-99C1-B21A44AC3F8F}.Release|Any CPU.ActiveCfg = Release|Any CPU
		{729D3A58-00B0-4B5E-99C1-B21A44AC3F8F}.Release|Any CPU.Build.0 = Release|Any CPU
		{784A7EE6-3276-410B-801F-244C8491EE05}.Debug|Any CPU.ActiveCfg = Debug|Any CPU
		{784A7EE6-3276-410B-801F-244C8491EE05}.Debug|Any CPU.Build.0 = Debug|Any CPU
		{784A7EE6-3276-410B-801F-244C8491EE05}.Release|Any CPU.ActiveCfg = Release|Any CPU
		{784A7EE6-3276-410B-801F-244C8491EE05}.Release|Any CPU.Build.0 = Release|Any CPU
		{8E569FE4-E931-40BD-ADF1-9B07A064F47D}.Debug|Any CPU.ActiveCfg = Debug|Any CPU
		{8E569FE4-E931-40BD-ADF1-9B07A064F47D}.Debug|Any CPU.Build.0 = Debug|Any CPU
		{8E569FE4-E931-40BD-ADF1-9B07A064F47D}.Release|Any CPU.ActiveCfg = Release|Any CPU
		{8E569FE4-E931-40BD-ADF1-9B07A064F47D}.Release|Any CPU.Build.0 = Release|Any CPU
		{2367C1AC-3A35-4587-B7B8-12B6CCF6A994}.Debug|Any CPU.ActiveCfg = Debug|Any CPU
		{2367C1AC-3A35-4587-B7B8-12B6CCF6A994}.Debug|Any CPU.Build.0 = Debug|Any CPU
		{2367C1AC-3A35-4587-B7B8-12B6CCF6A994}.Release|Any CPU.ActiveCfg = Release|Any CPU
		{2367C1AC-3A35-4587-B7B8-12B6CCF6A994}.Release|Any CPU.Build.0 = Release|Any CPU
	EndGlobalSection
	GlobalSection(SolutionProperties) = preSolution
		HideSolutionNode = FALSE
	EndGlobalSection
	GlobalSection(NestedProjects) = preSolution
		{2F4B8E76-47EC-4D48-9B4F-8640477DCF45} = {F368C602-FCC1-465D-953B-0A335E4D20EB}
		{DC0E8F5B-2F1E-4429-88ED-FB9B7A622C55} = {8731EF27-F6CF-427D-A88D-430F1C9D75E9}
		{8731EF27-F6CF-427D-A88D-430F1C9D75E9} = {1024EF66-F18A-4FFD-8B8F-894CF1AF5CAC}
		{F368C602-FCC1-465D-953B-0A335E4D20EB} = {1024EF66-F18A-4FFD-8B8F-894CF1AF5CAC}
		{0F7DB7B9-856D-4CA8-8F4D-2E15EFCDCE65} = {1024EF66-F18A-4FFD-8B8F-894CF1AF5CAC}
		{A55E4DFB-44E2-43C5-8011-1284C1445488} = {0F7DB7B9-856D-4CA8-8F4D-2E15EFCDCE65}
		{BA787747-3C9D-44E3-9FCD-4B7426FAEABD} = {0F7DB7B9-856D-4CA8-8F4D-2E15EFCDCE65}
		{8CA65AD1-6D79-4894-8BD6-6AF4B2F2A075} = {1024EF66-F18A-4FFD-8B8F-894CF1AF5CAC}
		{2B19FD31-48A2-4999-9C0D-70BA8CF4BECE} = {8CA65AD1-6D79-4894-8BD6-6AF4B2F2A075}
		{85F30315-78F2-4673-ACB2-A2488E5686BA} = {8CA65AD1-6D79-4894-8BD6-6AF4B2F2A075}
		{CA4357B1-9CE1-40C5-8676-96EA6E3E78D3} = {8CA65AD1-6D79-4894-8BD6-6AF4B2F2A075}
		{2A7372B7-3032-4D82-972A-3CDC410C5396} = {8CA65AD1-6D79-4894-8BD6-6AF4B2F2A075}
		{6CE431F2-D16C-4715-BA1A-B04B09F2A965} = {DE1B62A3-B517-42DA-BA8E-757A297BA37D}
		{3BDDE13E-E076-4063-983E-BD1493604697} = {1024EF66-F18A-4FFD-8B8F-894CF1AF5CAC}
		{CAD78077-603A-49CE-BA2E-AB16228F780E} = {1024EF66-F18A-4FFD-8B8F-894CF1AF5CAC}
		{729D3A58-00B0-4B5E-99C1-B21A44AC3F8F} = {CAD78077-603A-49CE-BA2E-AB16228F780E}
		{784A7EE6-3276-410B-801F-244C8491EE05} = {6112338C-2A94-46FB-91D9-456A9AB0D99B}
		{8E569FE4-E931-40BD-ADF1-9B07A064F47D} = {0A4A425A-1625-4145-B919-333AC2A8A44F}
		{2367C1AC-3A35-4587-B7B8-12B6CCF6A994} = {0F7DB7B9-856D-4CA8-8F4D-2E15EFCDCE65}
	EndGlobalSection
	GlobalSection(ExtensibilityGlobals) = postSolution
		SolutionGuid = {6F1266B3-7FD1-455D-9760-1BE2A0C477CB}
	EndGlobalSection
EndGlobal
